
Microsoft Visual Studio Solution File, Format Version 12.00
# Visual Studio Version 17
VisualStudioVersion = 17.5.2.0
MinimumVisualStudioVersion = 10.0.40219.1
Project("{FAE04EC0-301F-11D3-BF4B-00C04F79EFBC}") = "AoC.Day1", "AoC.Day1\AoC.Day1.csproj", "{37CE0ACE-2E85-4103-83C3-5115A5665750}"
EndProject
Project("{FAE04EC0-301F-11D3-BF4B-00C04F79EFBC}") = "AoC.Shared", "AoC.Shared\AoC.Shared.csproj", "{AE05D82F-B247-43A1-8081-B67B326D8267}"
EndProject
Project("{FAE04EC0-301F-11D3-BF4B-00C04F79EFBC}") = "AoC.Day2", "AoC.Day2\AoC.Day2.csproj", "{D1E0F1BE-1417-4B75-951A-346489F0CC40}"
EndProject
Project("{FAE04EC0-301F-11D3-BF4B-00C04F79EFBC}") = "AoC.Day6", "AoC.Day6\AoC.Day6.csproj", "{B5756F44-6EC7-4A68-A5DE-C27DB9A0E8B2}"
EndProject
Project("{FAE04EC0-301F-11D3-BF4B-00C04F79EFBC}") = "AoC.Day7", "AoC.Day7\AoC.Day7.csproj", "{ACAA2597-E212-4A6D-83EE-446B76180F91}"
EndProject
Project("{FAE04EC0-301F-11D3-BF4B-00C04F79EFBC}") = "AoC.Day3", "AoC.Day3\AoC.Day3.csproj", "{12CA37A2-CB75-4A92-94B7-334E0C8F0915}"
EndProject
Project("{FAE04EC0-301F-11D3-BF4B-00C04F79EFBC}") = "AoC.Day11", "AoC.Day11\AoC.Day11.csproj", "{0B6038EC-FF68-48F6-A5AC-43D5A64E0DE9}"
EndProject
Project("{FAE04EC0-301F-11D3-BF4B-00C04F79EFBC}") = "AoC.Day4", "AoC.Day4\AoC.Day4.csproj", "{EC53CF3A-DF27-4971-AB06-4475125A1870}"
EndProject
Project("{FAE04EC0-301F-11D3-BF4B-00C04F79EFBC}") = "AoC.Day5", "AoC.Day5\AoC.Day5.csproj", "{2812562F-7C01-44B8-A3DF-C8AB8DE80E90}"
EndProject
Global
	GlobalSection(SolutionConfigurationPlatforms) = preSolution
		Debug|Any CPU = Debug|Any CPU
		Debug|x64 = Debug|x64
		Debug|x86 = Debug|x86
		Release|Any CPU = Release|Any CPU
		Release|x64 = Release|x64
		Release|x86 = Release|x86
	EndGlobalSection
	GlobalSection(ProjectConfigurationPlatforms) = postSolution
		{37CE0ACE-2E85-4103-83C3-5115A5665750}.Debug|Any CPU.ActiveCfg = Debug|Any CPU
		{37CE0ACE-2E85-4103-83C3-5115A5665750}.Debug|Any CPU.Build.0 = Debug|Any CPU
		{37CE0ACE-2E85-4103-83C3-5115A5665750}.Debug|x64.ActiveCfg = Debug|Any CPU
		{37CE0ACE-2E85-4103-83C3-5115A5665750}.Debug|x64.Build.0 = Debug|Any CPU
		{37CE0ACE-2E85-4103-83C3-5115A5665750}.Debug|x86.ActiveCfg = Debug|Any CPU
		{37CE0ACE-2E85-4103-83C3-5115A5665750}.Debug|x86.Build.0 = Debug|Any CPU
		{37CE0ACE-2E85-4103-83C3-5115A5665750}.Release|Any CPU.ActiveCfg = Release|Any CPU
		{37CE0ACE-2E85-4103-83C3-5115A5665750}.Release|Any CPU.Build.0 = Release|Any CPU
		{37CE0ACE-2E85-4103-83C3-5115A5665750}.Release|x64.ActiveCfg = Release|Any CPU
		{37CE0ACE-2E85-4103-83C3-5115A5665750}.Release|x64.Build.0 = Release|Any CPU
		{37CE0ACE-2E85-4103-83C3-5115A5665750}.Release|x86.ActiveCfg = Release|Any CPU
		{37CE0ACE-2E85-4103-83C3-5115A5665750}.Release|x86.Build.0 = Release|Any CPU
		{AE05D82F-B247-43A1-8081-B67B326D8267}.Debug|Any CPU.ActiveCfg = Debug|Any CPU
		{AE05D82F-B247-43A1-8081-B67B326D8267}.Debug|Any CPU.Build.0 = Debug|Any CPU
		{AE05D82F-B247-43A1-8081-B67B326D8267}.Debug|x64.ActiveCfg = Debug|Any CPU
		{AE05D82F-B247-43A1-8081-B67B326D8267}.Debug|x64.Build.0 = Debug|Any CPU
		{AE05D82F-B247-43A1-8081-B67B326D8267}.Debug|x86.ActiveCfg = Debug|Any CPU
		{AE05D82F-B247-43A1-8081-B67B326D8267}.Debug|x86.Build.0 = Debug|Any CPU
		{AE05D82F-B247-43A1-8081-B67B326D8267}.Release|Any CPU.ActiveCfg = Release|Any CPU
		{AE05D82F-B247-43A1-8081-B67B326D8267}.Release|Any CPU.Build.0 = Release|Any CPU
		{AE05D82F-B247-43A1-8081-B67B326D8267}.Release|x64.ActiveCfg = Release|Any CPU
		{AE05D82F-B247-43A1-8081-B67B326D8267}.Release|x64.Build.0 = Release|Any CPU
		{AE05D82F-B247-43A1-8081-B67B326D8267}.Release|x86.ActiveCfg = Release|Any CPU
		{AE05D82F-B247-43A1-8081-B67B326D8267}.Release|x86.Build.0 = Release|Any CPU
		{D1E0F1BE-1417-4B75-951A-346489F0CC40}.Debug|Any CPU.ActiveCfg = Debug|Any CPU
		{D1E0F1BE-1417-4B75-951A-346489F0CC40}.Debug|Any CPU.Build.0 = Debug|Any CPU
		{D1E0F1BE-1417-4B75-951A-346489F0CC40}.Debug|x64.ActiveCfg = Debug|Any CPU
		{D1E0F1BE-1417-4B75-951A-346489F0CC40}.Debug|x64.Build.0 = Debug|Any CPU
		{D1E0F1BE-1417-4B75-951A-346489F0CC40}.Debug|x86.ActiveCfg = Debug|Any CPU
		{D1E0F1BE-1417-4B75-951A-346489F0CC40}.Debug|x86.Build.0 = Debug|Any CPU
		{D1E0F1BE-1417-4B75-951A-346489F0CC40}.Release|Any CPU.ActiveCfg = Release|Any CPU
		{D1E0F1BE-1417-4B75-951A-346489F0CC40}.Release|Any CPU.Build.0 = Release|Any CPU
		{D1E0F1BE-1417-4B75-951A-346489F0CC40}.Release|x64.ActiveCfg = Release|Any CPU
		{D1E0F1BE-1417-4B75-951A-346489F0CC40}.Release|x64.Build.0 = Release|Any CPU
		{D1E0F1BE-1417-4B75-951A-346489F0CC40}.Release|x86.ActiveCfg = Release|Any CPU
		{D1E0F1BE-1417-4B75-951A-346489F0CC40}.Release|x86.Build.0 = Release|Any CPU
		{B5756F44-6EC7-4A68-A5DE-C27DB9A0E8B2}.Debug|Any CPU.ActiveCfg = Debug|Any CPU
		{B5756F44-6EC7-4A68-A5DE-C27DB9A0E8B2}.Debug|Any CPU.Build.0 = Debug|Any CPU
		{B5756F44-6EC7-4A68-A5DE-C27DB9A0E8B2}.Debug|x64.ActiveCfg = Debug|Any CPU
		{B5756F44-6EC7-4A68-A5DE-C27DB9A0E8B2}.Debug|x64.Build.0 = Debug|Any CPU
		{B5756F44-6EC7-4A68-A5DE-C27DB9A0E8B2}.Debug|x86.ActiveCfg = Debug|Any CPU
		{B5756F44-6EC7-4A68-A5DE-C27DB9A0E8B2}.Debug|x86.Build.0 = Debug|Any CPU
		{B5756F44-6EC7-4A68-A5DE-C27DB9A0E8B2}.Release|Any CPU.ActiveCfg = Release|Any CPU
		{B5756F44-6EC7-4A68-A5DE-C27DB9A0E8B2}.Release|Any CPU.Build.0 = Release|Any CPU
		{B5756F44-6EC7-4A68-A5DE-C27DB9A0E8B2}.Release|x64.ActiveCfg = Release|Any CPU
		{B5756F44-6EC7-4A68-A5DE-C27DB9A0E8B2}.Release|x64.Build.0 = Release|Any CPU
		{B5756F44-6EC7-4A68-A5DE-C27DB9A0E8B2}.Release|x86.ActiveCfg = Release|Any CPU
		{B5756F44-6EC7-4A68-A5DE-C27DB9A0E8B2}.Release|x86.Build.0 = Release|Any CPU
		{ACAA2597-E212-4A6D-83EE-446B76180F91}.Debug|Any CPU.ActiveCfg = Debug|Any CPU
		{ACAA2597-E212-4A6D-83EE-446B76180F91}.Debug|Any CPU.Build.0 = Debug|Any CPU
		{ACAA2597-E212-4A6D-83EE-446B76180F91}.Debug|x64.ActiveCfg = Debug|Any CPU
		{ACAA2597-E212-4A6D-83EE-446B76180F91}.Debug|x64.Build.0 = Debug|Any CPU
		{ACAA2597-E212-4A6D-83EE-446B76180F91}.Debug|x86.ActiveCfg = Debug|Any CPU
		{ACAA2597-E212-4A6D-83EE-446B76180F91}.Debug|x86.Build.0 = Debug|Any CPU
		{ACAA2597-E212-4A6D-83EE-446B76180F91}.Release|Any CPU.ActiveCfg = Release|Any CPU
		{ACAA2597-E212-4A6D-83EE-446B76180F91}.Release|Any CPU.Build.0 = Release|Any CPU
		{ACAA2597-E212-4A6D-83EE-446B76180F91}.Release|x64.ActiveCfg = Release|Any CPU
		{ACAA2597-E212-4A6D-83EE-446B76180F91}.Release|x64.Build.0 = Release|Any CPU
		{ACAA2597-E212-4A6D-83EE-446B76180F91}.Release|x86.ActiveCfg = Release|Any CPU
		{ACAA2597-E212-4A6D-83EE-446B76180F91}.Release|x86.Build.0 = Release|Any CPU
		{12CA37A2-CB75-4A92-94B7-334E0C8F0915}.Debug|Any CPU.ActiveCfg = Debug|Any CPU
		{12CA37A2-CB75-4A92-94B7-334E0C8F0915}.Debug|Any CPU.Build.0 = Debug|Any CPU
		{12CA37A2-CB75-4A92-94B7-334E0C8F0915}.Debug|x64.ActiveCfg = Debug|Any CPU
		{12CA37A2-CB75-4A92-94B7-334E0C8F0915}.Debug|x64.Build.0 = Debug|Any CPU
		{12CA37A2-CB75-4A92-94B7-334E0C8F0915}.Debug|x86.ActiveCfg = Debug|Any CPU
		{12CA37A2-CB75-4A92-94B7-334E0C8F0915}.Debug|x86.Build.0 = Debug|Any CPU
		{12CA37A2-CB75-4A92-94B7-334E0C8F0915}.Release|Any CPU.ActiveCfg = Release|Any CPU
		{12CA37A2-CB75-4A92-94B7-334E0C8F0915}.Release|Any CPU.Build.0 = Release|Any CPU
		{12CA37A2-CB75-4A92-94B7-334E0C8F0915}.Release|x64.ActiveCfg = Release|Any CPU
		{12CA37A2-CB75-4A92-94B7-334E0C8F0915}.Release|x64.Build.0 = Release|Any CPU
		{12CA37A2-CB75-4A92-94B7-334E0C8F0915}.Release|x86.ActiveCfg = Release|Any CPU
		{12CA37A2-CB75-4A92-94B7-334E0C8F0915}.Release|x86.Build.0 = Release|Any CPU
		{0B6038EC-FF68-48F6-A5AC-43D5A64E0DE9}.Debug|Any CPU.ActiveCfg = Debug|Any CPU
		{0B6038EC-FF68-48F6-A5AC-43D5A64E0DE9}.Debug|Any CPU.Build.0 = Debug|Any CPU
		{0B6038EC-FF68-48F6-A5AC-43D5A64E0DE9}.Debug|x64.ActiveCfg = Debug|Any CPU
		{0B6038EC-FF68-48F6-A5AC-43D5A64E0DE9}.Debug|x64.Build.0 = Debug|Any CPU
		{0B6038EC-FF68-48F6-A5AC-43D5A64E0DE9}.Debug|x86.ActiveCfg = Debug|Any CPU
		{0B6038EC-FF68-48F6-A5AC-43D5A64E0DE9}.Debug|x86.Build.0 = Debug|Any CPU
		{0B6038EC-FF68-48F6-A5AC-43D5A64E0DE9}.Release|Any CPU.ActiveCfg = Release|Any CPU
		{0B6038EC-FF68-48F6-A5AC-43D5A64E0DE9}.Release|Any CPU.Build.0 = Release|Any CPU
		{0B6038EC-FF68-48F6-A5AC-43D5A64E0DE9}.Release|x64.ActiveCfg = Release|Any CPU
		{0B6038EC-FF68-48F6-A5AC-43D5A64E0DE9}.Release|x64.Build.0 = Release|Any CPU
		{0B6038EC-FF68-48F6-A5AC-43D5A64E0DE9}.Release|x86.ActiveCfg = Release|Any CPU
		{0B6038EC-FF68-48F6-A5AC-43D5A64E0DE9}.Release|x86.Build.0 = Release|Any CPU
		{EC53CF3A-DF27-4971-AB06-4475125A1870}.Debug|Any CPU.ActiveCfg = Debug|Any CPU
		{EC53CF3A-DF27-4971-AB06-4475125A1870}.Debug|Any CPU.Build.0 = Debug|Any CPU
		{EC53CF3A-DF27-4971-AB06-4475125A1870}.Debug|x64.ActiveCfg = Debug|Any CPU
		{EC53CF3A-DF27-4971-AB06-4475125A1870}.Debug|x64.Build.0 = Debug|Any CPU
		{EC53CF3A-DF27-4971-AB06-4475125A1870}.Debug|x86.ActiveCfg = Debug|Any CPU
		{EC53CF3A-DF27-4971-AB06-4475125A1870}.Debug|x86.Build.0 = Debug|Any CPU
		{EC53CF3A-DF27-4971-AB06-4475125A1870}.Release|Any CPU.ActiveCfg = Release|Any CPU
		{EC53CF3A-DF27-4971-AB06-4475125A1870}.Release|Any CPU.Build.0 = Release|Any CPU
		{EC53CF3A-DF27-4971-AB06-4475125A1870}.Release|x64.ActiveCfg = Release|Any CPU
		{EC53CF3A-DF27-4971-AB06-4475125A1870}.Release|x64.Build.0 = Release|Any CPU
		{EC53CF3A-DF27-4971-AB06-4475125A1870}.Release|x86.ActiveCfg = Release|Any CPU
		{EC53CF3A-DF27-4971-AB06-4475125A1870}.Release|x86.Build.0 = Release|Any CPU
		{2812562F-7C01-44B8-A3DF-C8AB8DE80E90}.Debug|Any CPU.ActiveCfg = Debug|Any CPU
		{2812562F-7C01-44B8-A3DF-C8AB8DE80E90}.Debug|Any CPU.Build.0 = Debug|Any CPU
		{2812562F-7C01-44B8-A3DF-C8AB8DE80E90}.Debug|x64.ActiveCfg = Debug|Any CPU
		{2812562F-7C01-44B8-A3DF-C8AB8DE80E90}.Debug|x64.Build.0 = Debug|Any CPU
		{2812562F-7C01-44B8-A3DF-C8AB8DE80E90}.Debug|x86.ActiveCfg = Debug|Any CPU
		{2812562F-7C01-44B8-A3DF-C8AB8DE80E90}.Debug|x86.Build.0 = Debug|Any CPU
		{2812562F-7C01-44B8-A3DF-C8AB8DE80E90}.Release|Any CPU.ActiveCfg = Release|Any CPU
		{2812562F-7C01-44B8-A3DF-C8AB8DE80E90}.Release|Any CPU.Build.0 = Release|Any CPU
		{2812562F-7C01-44B8-A3DF-C8AB8DE80E90}.Release|x64.ActiveCfg = Release|Any CPU
		{2812562F-7C01-44B8-A3DF-C8AB8DE80E90}.Release|x64.Build.0 = Release|Any CPU
		{2812562F-7C01-44B8-A3DF-C8AB8DE80E90}.Release|x86.ActiveCfg = Release|Any CPU
		{2812562F-7C01-44B8-A3DF-C8AB8DE80E90}.Release|x86.Build.0 = Release|Any CPU
	EndGlobalSection
	GlobalSection(SolutionProperties) = preSolution
		HideSolutionNode = FALSE
	EndGlobalSection
	GlobalSection(ExtensibilityGlobals) = postSolution
		SolutionGuid = {FA27549E-E728-454B-B080-0A52E3907BAB}
	EndGlobalSection
EndGlobal
